
Microsoft Visual Studio Solution File, Format Version 12.00
# Visual Studio Version 16
VisualStudioVersion = 16.0.31410.357
MinimumVisualStudioVersion = 10.0.40219.1
Project("{FAE04EC0-301F-11D3-BF4B-00C04F79EFBC}") = "OrderCreate", "OrderCreate\OrderCreate.csproj", "{94702A91-67FE-4C2F-8E77-4746E2F0D537}"
EndProject
Global
	GlobalSection(SolutionConfigurationPlatforms) = preSolution
		Debug|Any CPU = Debug|Any CPU
		Release|Any CPU = Release|Any CPU
	EndGlobalSection
	GlobalSection(ProjectConfigurationPlatforms) = postSolution
		{94702A91-67FE-4C2F-8E77-4746E2F0D537}.Debug|Any CPU.ActiveCfg = Debug|Any CPU
		{94702A91-67FE-4C2F-8E77-4746E2F0D537}.Debug|Any CPU.Build.0 = Debug|Any CPU
		{94702A91-67FE-4C2F-8E77-4746E2F0D537}.Release|Any CPU.ActiveCfg = Release|Any CPU
		{94702A91-67FE-4C2F-8E77-4746E2F0D537}.Release|Any CPU.Build.0 = Release|Any CPU
	EndGlobalSection
	GlobalSection(SolutionProperties) = preSolution
		HideSolutionNode = FALSE
	EndGlobalSection
	GlobalSection(ExtensibilityGlobals) = postSolution
		SolutionGuid = {B089B358-53DF-4BD3-BA09-273D08E732ED}
	EndGlobalSection
EndGlobal
